{
  "originHash" : "751e266b727a1ec40a62c06ebd864a192f3fdaaf313b3fdd206a3a7e54f87405",
  "pins" : [
    {
      "identity" : "pow",
      "kind" : "remoteSourceControl",
      "location" : "https://github.com/EmergeTools/Pow",
      "state" : {
        "revision" : "cc014eba4b65f689cadc281ad925de5607f2adc9",
        "version" : "1.0.3"
      }
    }
  ],
  "version" : 3
}
